
Microsoft Visual Studio Solution File, Format Version 12.00
# Visual Studio 2012
Project("{FAE04EC0-301F-11D3-BF4B-00C04F79EFBC}") = "SQLServerLocalDBTest", "SQLServerLocalDBTest\SQLServerLocalDBTest.csproj", "{2484AF3B-085D-46A3-8C4A-7D192C8FA6A0}"
EndProject
Project("{FAE04EC0-301F-11D3-BF4B-00C04F79EFBC}") = "UnitTestProject1", "UnitTestProject1\UnitTestProject1.csproj", "{09CA54C8-26D3-448C-8F4F-F8DE25DE6FA2}"
EndProject
Global
	GlobalSection(SolutionConfigurationPlatforms) = preSolution
		Debug|Any CPU = Debug|Any CPU
		Release|Any CPU = Release|Any CPU
	EndGlobalSection
	GlobalSection(ProjectConfigurationPlatforms) = postSolution
		{2484AF3B-085D-46A3-8C4A-7D192C8FA6A0}.Debug|Any CPU.ActiveCfg = Debug|Any CPU
		{2484AF3B-085D-46A3-8C4A-7D192C8FA6A0}.Debug|Any CPU.Build.0 = Debug|Any CPU
		{2484AF3B-085D-46A3-8C4A-7D192C8FA6A0}.Release|Any CPU.ActiveCfg = Release|Any CPU
		{2484AF3B-085D-46A3-8C4A-7D192C8FA6A0}.Release|Any CPU.Build.0 = Release|Any CPU
		{09CA54C8-26D3-448C-8F4F-F8DE25DE6FA2}.Debug|Any CPU.ActiveCfg = Debug|Any CPU
		{09CA54C8-26D3-448C-8F4F-F8DE25DE6FA2}.Debug|Any CPU.Build.0 = Debug|Any CPU
		{09CA54C8-26D3-448C-8F4F-F8DE25DE6FA2}.Release|Any CPU.ActiveCfg = Release|Any CPU
		{09CA54C8-26D3-448C-8F4F-F8DE25DE6FA2}.Release|Any CPU.Build.0 = Release|Any CPU
	EndGlobalSection
	GlobalSection(SolutionProperties) = preSolution
		HideSolutionNode = FALSE
	EndGlobalSection
EndGlobal
